
Microsoft Visual Studio Solution File, Format Version 12.00
# Visual Studio Version 17
VisualStudioVersion = 17.5.002.0
MinimumVisualStudioVersion = 10.0.40219.1
Project("{9A19103F-16F7-4668-BE54-9A1E7A4F7556}") = "tl1-tp8-2024-Isas321", "tl1-tp8-2024-Isas321.csproj", "{6D0D64C0-9B2C-43C3-BE07-19C6BFD68473}"
EndProject
Global
	GlobalSection(SolutionConfigurationPlatforms) = preSolution
		Debug|Any CPU = Debug|Any CPU
		Release|Any CPU = Release|Any CPU
	EndGlobalSection
	GlobalSection(ProjectConfigurationPlatforms) = postSolution
		{6D0D64C0-9B2C-43C3-BE07-19C6BFD68473}.Debug|Any CPU.ActiveCfg = Debug|Any CPU
		{6D0D64C0-9B2C-43C3-BE07-19C6BFD68473}.Debug|Any CPU.Build.0 = Debug|Any CPU
		{6D0D64C0-9B2C-43C3-BE07-19C6BFD68473}.Release|Any CPU.ActiveCfg = Release|Any CPU
		{6D0D64C0-9B2C-43C3-BE07-19C6BFD68473}.Release|Any CPU.Build.0 = Release|Any CPU
	EndGlobalSection
	GlobalSection(SolutionProperties) = preSolution
		HideSolutionNode = FALSE
	EndGlobalSection
	GlobalSection(ExtensibilityGlobals) = postSolution
		SolutionGuid = {2CBC7C43-DF52-4CB9-99F3-A351660C8EE0}
	EndGlobalSection
EndGlobal
